{
    "_readme": [
        "This file locks the dependencies of your project to a known state",
        "Read more about it at https://getcomposer.org/doc/01-basic-usage.md#installing-dependencies",
        "This file is @generated automatically"
    ],
    "content-hash": "7389ae34fdff1554dc79d15c624ac2df",
    "packages": [
        {
            "name": "edv/cache",
            "version": "dev-master",
            "source": {
                "type": "git",
                "url": "https://github.com/edwin-HF/cache.git",
                "reference": "b985bb1e47b44225c65ed0f69c8d2f9b7c2af6dd"
            },
            "dist": {
                "type": "zip",
                "url": "https://api.github.com/repos/edwin-HF/cache/zipball/b985bb1e47b44225c65ed0f69c8d2f9b7c2af6dd",
                "reference": "b985bb1e47b44225c65ed0f69c8d2f9b7c2af6dd",
                "shasum": ""
            },
            "require": {
                "ext-redis": "*"
            },
            "default-branch": true,
            "type": "library",
            "autoload": {
                "psr-4": {
                    "Edv\\Cache\\": "src/"
                }
            },
            "notification-url": "https://packagist.org/downloads/",
            "authors": [
                {
                    "name": "edwin",
                    "email": "edwin.fan@foxmail.com"
                }
            ],
            "description": "redis cache (read/write through)",
            "support": {
                "issues": "https://github.com/edwin-HF/cache/issues",
                "source": "https://github.com/edwin-HF/cache/tree/master"
            },
            "time": "2022-03-16T03:56:51+00:00"
        },
        {
            "name": "edv/orm",
            "version": "dev-master",
            "source": {
                "type": "git",
                "url": "https://github.com/edwin-HF/orm.git",
                "reference": "98b365e32ba1190e17525015290b106df18eabd8"
            },
            "dist": {
                "type": "zip",
                "url": "https://api.github.com/repos/edwin-HF/orm/zipball/98b365e32ba1190e17525015290b106df18eabd8",
                "reference": "98b365e32ba1190e17525015290b106df18eabd8",
                "shasum": "",
                "mirrors": [
                    {
                        "url": "https://mirrors.aliyun.com/composer/dists/%package%/%reference%.%type%",
                        "preferred": true
                    }
                ]
            },
            "require": {
                "ext-pdo": "*",
                "ext-pdo_mysql": "*"
            },
            "default-branch": true,
            "type": "library",
            "autoload": {
                "psr-4": {
                    "Edv\\Orm\\": "src/"
                }
            },
            "notification-url": "https://packagist.org/downloads/",
            "authors": [
                {
                    "name": "edwin",
                    "email": "edwin.fan@foxmail.com"
                }
            ],
            "description": "simple orm",
            "support": {
                "issues": "https://github.com/edwin-HF/orm/issues",
                "source": "https://github.com/edwin-HF/orm/tree/master"
            },
            "time": "2022-03-07T10:17:00+00:00"
        }
    ],
    "packages-dev": [],
    "aliases": [],
    "minimum-stability": "stable",
    "stability-flags": {
        "edv/orm": 20,
        "edv/cache": 20
    },
    "prefer-stable": false,
    "prefer-lowest": false,
    "platform": [],
    "platform-dev": [],
    "plugin-api-version": "2.0.0"
}
